
Microsoft Visual Studio Solution File, Format Version 12.00
# Visual Studio Version 17
VisualStudioVersion = 17.13.35825.156 d17.13
MinimumVisualStudioVersion = 10.0.40219.1
Project("{FAE04EC0-301F-11D3-BF4B-00C04F79EFBC}") = "Batch2Task1Hinting", "Batch2Task1Hinting\Batch2Task1Hinting.csproj", "{C130ED06-A473-4EC8-938C-2EF6CC9D201B}"
EndProject
Project("{FAE04EC0-301F-11D3-BF4B-00C04F79EFBC}") = "AppTests", "AppTests\AppTests.csproj", "{3BA23EA6-1467-40DC-89F1-53C77C81CE71}"
EndProject
Global
	GlobalSection(SolutionConfigurationPlatforms) = preSolution
		Debug|Any CPU = Debug|Any CPU
		Release|Any CPU = Release|Any CPU
	EndGlobalSection
	GlobalSection(ProjectConfigurationPlatforms) = postSolution
		{C130ED06-A473-4EC8-938C-2EF6CC9D201B}.Debug|Any CPU.ActiveCfg = Debug|Any CPU
		{C130ED06-A473-4EC8-938C-2EF6CC9D201B}.Debug|Any CPU.Build.0 = Debug|Any CPU
		{C130ED06-A473-4EC8-938C-2EF6CC9D201B}.Release|Any CPU.ActiveCfg = Release|Any CPU
		{C130ED06-A473-4EC8-938C-2EF6CC9D201B}.Release|Any CPU.Build.0 = Release|Any CPU
		{3BA23EA6-1467-40DC-89F1-53C77C81CE71}.Debug|Any CPU.ActiveCfg = Debug|Any CPU
		{3BA23EA6-1467-40DC-89F1-53C77C81CE71}.Debug|Any CPU.Build.0 = Debug|Any CPU
		{3BA23EA6-1467-40DC-89F1-53C77C81CE71}.Release|Any CPU.ActiveCfg = Release|Any CPU
		{3BA23EA6-1467-40DC-89F1-53C77C81CE71}.Release|Any CPU.Build.0 = Release|Any CPU
	EndGlobalSection
	GlobalSection(SolutionProperties) = preSolution
		HideSolutionNode = FALSE
	EndGlobalSection
	GlobalSection(ExtensibilityGlobals) = postSolution
		SolutionGuid = {85E48713-C071-48D9-8653-B954044F9119}
	EndGlobalSection
EndGlobal
